
Microsoft Visual Studio Solution File, Format Version 12.00
# Visual Studio Version 17
VisualStudioVersion = 17.0.32126.317
MinimumVisualStudioVersion = 10.0.40219.1
Project("{FAE04EC0-301F-11D3-BF4B-00C04F79EFBC}") = "post_office_Project", "WindowsFormsApp2\post_office_Project.csproj", "{A4CA4FB2-2572-445B-B745-2D0800678250}"
EndProject
Global
	GlobalSection(SolutionConfigurationPlatforms) = preSolution
		Debug|Any CPU = Debug|Any CPU
		Release|Any CPU = Release|Any CPU
	EndGlobalSection
	GlobalSection(ProjectConfigurationPlatforms) = postSolution
		{A4CA4FB2-2572-445B-B745-2D0800678250}.Debug|Any CPU.ActiveCfg = Debug|Any CPU
		{A4CA4FB2-2572-445B-B745-2D0800678250}.Debug|Any CPU.Build.0 = Debug|Any CPU
		{A4CA4FB2-2572-445B-B745-2D0800678250}.Release|Any CPU.ActiveCfg = Release|Any CPU
		{A4CA4FB2-2572-445B-B745-2D0800678250}.Release|Any CPU.Build.0 = Release|Any CPU
	EndGlobalSection
	GlobalSection(SolutionProperties) = preSolution
		HideSolutionNode = FALSE
	EndGlobalSection
	GlobalSection(ExtensibilityGlobals) = postSolution
		SolutionGuid = {AEBAB625-2195-4551-BA30-814E414E70D3}
	EndGlobalSection
EndGlobal
